// !$*UTF8*$!
{
	archiveVersion = 1;
	classes = {
	};
	objectVersion = 55;
	objects = {

/* Begin PBXBuildFile section */
		6B4AD7F5273434F40048FB43 /* DetailViewController.swift in Sources */ = {isa = PBXBuildFile; fileRef = 6B4AD7F4273434F40048FB43 /* DetailViewController.swift */; };
		6B964CED2733C105009C1CD0 /* AppDelegate.swift in Sources */ = {isa = PBXBuildFile; fileRef = 6B964CEC2733C105009C1CD0 /* AppDelegate.swift */; };
		6B964CEF2733C105009C1CD0 /* SceneDelegate.swift in Sources */ = {isa = PBXBuildFile; fileRef = 6B964CEE2733C105009C1CD0 /* SceneDelegate.swift */; };
		6B964CF12733C105009C1CD0 /* ViewController.swift in Sources */ = {isa = PBXBuildFile; fileRef = 6B964CF02733C105009C1CD0 /* ViewController.swift */; };
		6B964CF42733C105009C1CD0 /* Main.storyboard in Resources */ = {isa = PBXBuildFile; fileRef = 6B964CF22733C105009C1CD0 /* Main.storyboard */; };
		6B964CF62733C107009C1CD0 /* Assets.xcassets in Resources */ = {isa = PBXBuildFile; fileRef = 6B964CF52733C107009C1CD0 /* Assets.xcassets */; };
		6B964CF92733C107009C1CD0 /* LaunchScreen.storyboard in Resources */ = {isa = PBXBuildFile; fileRef = 6B964CF72733C107009C1CD0 /* LaunchScreen.storyboard */; };
		6B964D012733D3CD009C1CD0 /* CharacterInfo.swift in Sources */ = {isa = PBXBuildFile; fileRef = 6B964D002733D3CD009C1CD0 /* CharacterInfo.swift */; };
		6B964D032733D8F9009C1CD0 /* CharacterCollectionViewCell.swift in Sources */ = {isa = PBXBuildFile; fileRef = 6B964D022733D8F9009C1CD0 /* CharacterCollectionViewCell.swift */; };
		6B964D062733DCFA009C1CD0 /* Alamofire in Frameworks */ = {isa = PBXBuildFile; productRef = 6B964D052733DCFA009C1CD0 /* Alamofire */; };
/* End PBXBuildFile section */

/* Begin PBXFileReference section */
		6B4AD7F4273434F40048FB43 /* DetailViewController.swift */ = {isa = PBXFileReference; lastKnownFileType = sourcecode.swift; path = DetailViewController.swift; sourceTree = "<group>"; };
		6B964CE92733C105009C1CD0 /* StarWarsCharacters.app */ = {isa = PBXFileReference; explicitFileType = wrapper.application; includeInIndex = 0; path = StarWarsCharacters.app; sourceTree = BUILT_PRODUCTS_DIR; };
		6B964CEC2733C105009C1CD0 /* AppDelegate.swift */ = {isa = PBXFileReference; lastKnownFileType = sourcecode.swift; path = AppDelegate.swift; sourceTree = "<group>"; };
		6B964CEE2733C105009C1CD0 /* SceneDelegate.swift */ = {isa = PBXFileReference; lastKnownFileType = sourcecode.swift; path = SceneDelegate.swift; sourceTree = "<group>"; };
		6B964CF02733C105009C1CD0 /* ViewController.swift */ = {isa = PBXFileReference; lastKnownFileType = sourcecode.swift; path = ViewController.swift; sourceTree = "<group>"; };
		6B964CF32733C105009C1CD0 /* Base */ = {isa = PBXFileReference; lastKnownFileType = file.storyboard; name = Base; path = Base.lproj/Main.storyboard; sourceTree = "<group>"; };
		6B964CF52733C107009C1CD0 /* Assets.xcassets */ = {isa = PBXFileReference; lastKnownFileType = folder.assetcatalog; path = Assets.xcassets; sourceTree = "<group>"; };
		6B964CF82733C107009C1CD0 /* Base */ = {isa = PBXFileReference; lastKnownFileType = file.storyboard; name = Base; path = Base.lproj/LaunchScreen.storyboard; sourceTree = "<group>"; };
		6B964CFA2733C107009C1CD0 /* Info.plist */ = {isa = PBXFileReference; lastKnownFileType = text.plist.xml; path = Info.plist; sourceTree = "<group>"; };
		6B964D002733D3CD009C1CD0 /* CharacterInfo.swift */ = {isa = PBXFileReference; lastKnownFileType = sourcecode.swift; path = CharacterInfo.swift; sourceTree = "<group>"; };
		6B964D022733D8F9009C1CD0 /* CharacterCollectionViewCell.swift */ = {isa = PBXFileReference; lastKnownFileType = sourcecode.swift; path = CharacterCollectionViewCell.swift; sourceTree = "<group>"; };
/* End PBXFileReference section */

/* Begin PBXFrameworksBuildPhase section */
		6B964CE62733C105009C1CD0 /* Frameworks */ = {
			isa = PBXFrameworksBuildPhase;
			buildActionMask = 2147483647;
			files = (
				6B964D062733DCFA009C1CD0 /* Alamofire in Frameworks */,
			);
			runOnlyForDeploymentPostprocessing = 0;
		};
/* End PBXFrameworksBuildPhase section */

/* Begin PBXGroup section */
		6B964CE02733C105009C1CD0 = {
			isa = PBXGroup;
			children = (
				6B964CEB2733C105009C1CD0 /* StarWarsCharacters */,
				6B964CEA2733C105009C1CD0 /* Products */,
			);
			sourceTree = "<group>";
		};
		6B964CEA2733C105009C1CD0 /* Products */ = {
			isa = PBXGroup;
			children = (
				6B964CE92733C105009C1CD0 /* StarWarsCharacters.app */,
			);
			name = Products;
			sourceTree = "<group>";
		};
		6B964CEB2733C105009C1CD0 /* StarWarsCharacters */ = {
			isa = PBXGroup;
			children = (
				6B964CEC2733C105009C1CD0 /* AppDelegate.swift */,
				6B964CEE2733C105009C1CD0 /* SceneDelegate.swift */,
				6B964CF02733C105009C1CD0 /* ViewController.swift */,
				6B4AD7F4273434F40048FB43 /* DetailViewController.swift */,
				6B964D002733D3CD009C1CD0 /* CharacterInfo.swift */,
				6B964CF22733C105009C1CD0 /* Main.storyboard */,
				6B964D022733D8F9009C1CD0 /* CharacterCollectionViewCell.swift */,
				6B964CF52733C107009C1CD0 /* Assets.xcassets */,
				6B964CF72733C107009C1CD0 /* LaunchScreen.storyboard */,
				6B964CFA2733C107009C1CD0 /* Info.plist */,
			);
			path = StarWarsCharacters;
			sourceTree = "<group>";
		};
/* End PBXGroup section */

/* Begin PBXNativeTarget section */
		6B964CE82733C105009C1CD0 /* StarWarsCharacters */ = {
			isa = PBXNativeTarget;
			buildConfigurationList = 6B964CFD2733C107009C1CD0 /* Build configuration list for PBXNativeTarget "StarWarsCharacters" */;
			buildPhases = (
				6B964CE52733C105009C1CD0 /* Sources */,
				6B964CE62733C105009C1CD0 /* Frameworks */,
				6B964CE72733C105009C1CD0 /* Resources */,
			);
			buildRules = (
			);
			dependencies = (
			);
			name = StarWarsCharacters;
			packageProductDependencies = (
				6B964D052733DCFA009C1CD0 /* Alamofire */,
			);
			productName = StarWarsCharacters;
			productReference = 6B964CE92733C105009C1CD0 /* StarWarsCharacters.app */;
			productType = "com.apple.product-type.application";
		};
/* End PBXNativeTarget section */

/* Begin PBXProject section */
		6B964CE12733C105009C1CD0 /* Project object */ = {
			isa = PBXProject;
			attributes = {
				BuildIndependentTargetsInParallel = 1;
				LastSwiftUpdateCheck = 1310;
				LastUpgradeCheck = 1310;
				TargetAttributes = {
					6B964CE82733C105009C1CD0 = {
						CreatedOnToolsVersion = 13.1;
					};
				};
			};
			buildConfigurationList = 6B964CE42733C105009C1CD0 /* Build configuration list for PBXProject "StarWarsCharacters" */;
			compatibilityVersion = "Xcode 13.0";
			developmentRegion = en;
			hasScannedForEncodings = 0;
			knownRegions = (
				en,
				Base,
			);
			mainGroup = 6B964CE02733C105009C1CD0;
			packageReferences = (
				6B964D042733DCFA009C1CD0 /* XCRemoteSwiftPackageReference "Alamofire" */,
			);
			productRefGroup = 6B964CEA2733C105009C1CD0 /* Products */;
			projectDirPath = "";
			projectRoot = "";
			targets = (
				6B964CE82733C105009C1CD0 /* StarWarsCharacters */,
			);
		};
/* End PBXProject section */

/* Begin PBXResourcesBuildPhase section */
		6B964CE72733C105009C1CD0 /* Resources */ = {
			isa = PBXResourcesBuildPhase;
			buildActionMask = 2147483647;
			files = (
				6B964CF92733C107009C1CD0 /* LaunchScreen.storyboard in Resources */,
				6B964CF62733C107009C1CD0 /* Assets.xcassets in Resources */,
				6B964CF42733C105009C1CD0 /* Main.storyboard in Resources */,
			);
			runOnlyForDeploymentPostprocessing = 0;
		};
/* End PBXResourcesBuildPhase section */

/* Begin PBXSourcesBuildPhase section */
		6B964CE52733C105009C1CD0 /* Sources */ = {
			isa = PBXSourcesBuildPhase;
			buildActionMask = 2147483647;
			files = (
				6B964D032733D8F9009C1CD0 /* CharacterCollectionViewCell.swift in Sources */,
				6B964CF12733C105009C1CD0 /* ViewController.swift in Sources */,
				6B964CED2733C105009C1CD0 /* AppDelegate.swift in Sources */,
				6B4AD7F5273434F40048FB43 /* DetailViewController.swift in Sources */,
				6B964CEF2733C105009C1CD0 /* SceneDelegate.swift in Sources */,
				6B964D012733D3CD009C1CD0 /* CharacterInfo.swift in Sources */,
			);
			runOnlyForDeploymentPostprocessing = 0;
		};
/* End PBXSourcesBuildPhase section */

/* Begin PBXVariantGroup section */
		6B964CF22733C105009C1CD0 /* Main.storyboard */ = {
			isa = PBXVariantGroup;
			children = (
				6B964CF32733C105009C1CD0 /* Base */,
			);
			name = Main.storyboard;
			sourceTree = "<group>";
		};
		6B964CF72733C107009C1CD0 /* LaunchScreen.storyboard */ = {
			isa = PBXVariantGroup;
			children = (
				6B964CF82733C107009C1CD0 /* Base */,
			);
			name = LaunchScreen.storyboard;
			sourceTree = "<group>";
		};
/* End PBXVariantGroup section */

/* Begin XCBuildConfiguration section */
		6B964CFB2733C107009C1CD0 /* Debug */ = {
			isa = XCBuildConfiguration;
			buildSettings = {
				ALWAYS_SEARCH_USER_PATHS = NO;
				CLANG_ANALYZER_NONNULL = YES;
				CLANG_ANALYZER_NUMBER_OBJECT_CONVERSION = YES_AGGRESSIVE;
				CLANG_CXX_LANGUAGE_STANDARD = "gnu++17";
				CLANG_CXX_LIBRARY = "libc++";
				CLANG_ENABLE_MODULES = YES;
				CLANG_ENABLE_OBJC_ARC = YES;
				CLANG_ENABLE_OBJC_WEAK = YES;
				CLANG_WARN_BLOCK_CAPTURE_AUTORELEASING = YES;
				CLANG_WARN_BOOL_CONVERSION = YES;
				CLANG_WARN_COMMA = YES;
				CLANG_WARN_CONSTANT_CONVERSION = YES;
				CLANG_WARN_DEPRECATED_OBJC_IMPLEMENTATIONS = YES;
				CLANG_WARN_DIRECT_OBJC_ISA_USAGE = YES_ERROR;
				CLANG_WARN_DOCUMENTATION_COMMENTS = YES;
				CLANG_WARN_EMPTY_BODY = YES;
				CLANG_WARN_ENUM_CONVERSION = YES;
				CLANG_WARN_INFINITE_RECURSION = YES;
				CLANG_WARN_INT_CONVERSION = YES;
				CLANG_WARN_NON_LITERAL_NULL_CONVERSION = YES;
				CLANG_WARN_OBJC_IMPLICIT_RETAIN_SELF = YES;
				CLANG_WARN_OBJC_LITERAL_CONVERSION = YES;
				CLANG_WARN_OBJC_ROOT_CLASS = YES_ERROR;
				CLANG_WARN_QUOTED_INCLUDE_IN_FRAMEWORK_HEADER = YES;
				CLANG_WARN_RANGE_LOOP_ANALYSIS = YES;
				CLANG_WARN_STRICT_PROTOTYPES = YES;
				CLANG_WARN_SUSPICIOUS_MOVE = YES;
				CLANG_WARN_UNGUARDED_AVAILABILITY = YES_AGGRESSIVE;
				CLANG_WARN_UNREACHABLE_CODE = YES;
				CLANG_WARN__DUPLICATE_METHOD_MATCH = YES;
				COPY_PHASE_STRIP = NO;
				DEBUG_INFORMATION_FORMAT = dwarf;
				ENABLE_STRICT_OBJC_MSGSEND = YES;
				ENABLE_TESTABILITY = YES;
				GCC_C_LANGUAGE_STANDARD = gnu11;
				GCC_DYNAMIC_NO_PIC = NO;
				GCC_NO_COMMON_BLOCKS = YES;
				GCC_OPTIMIZATION_LEVEL = 0;
				GCC_PREPROCESSOR_DEFINITIONS = (
					"DEBUG=1",
					"$(inherited)",
				);
				GCC_WARN_64_TO_32_BIT_CONVERSION = YES;
				GCC_WARN_ABOUT_RETURN_TYPE = YES_ERROR;
				GCC_WARN_UNDECLARED_SELECTOR = YES;
				GCC_WARN_UNINITIALIZED_AUTOS = YES_AGGRESSIVE;
				GCC_WARN_UNUSED_FUNCTION = YES;
				GCC_WARN_UNUSED_VARIABLE = YES;
				IPHONEOS_DEPLOYMENT_TARGET = 15.0;
				MTL_ENABLE_DEBUG_INFO = INCLUDE_SOURCE;
				MTL_FAST_MATH = YES;
				ONLY_ACTIVE_ARCH = YES;
				SDKROOT = iphoneos;
				SWIFT_ACTIVE_COMPILATION_CONDITIONS = DEBUG;
				SWIFT_OPTIMIZATION_LEVEL = "-Onone";
			};
			name = Debug;
		};
		6B964CFC2733C107009C1CD0 /* Release */ = {
			isa = XCBuildConfiguration;
			buildSettings = {
				ALWAYS_SEARCH_USER_PATHS = NO;
				CLANG_ANALYZER_NONNULL = YES;
				CLANG_ANALYZER_NUMBER_OBJECT_CONVERSION = YES_AGGRESSIVE;
				CLANG_CXX_LANGUAGE_STANDARD = "gnu++17";
				CLANG_CXX_LIBRARY = "libc++";
				CLANG_ENABLE_MODULES = YES;
				CLANG_ENABLE_OBJC_ARC = YES;
				CLANG_ENABLE_OBJC_WEAK = YES;
				CLANG_WARN_BLOCK_CAPTURE_AUTORELEASING = YES;
				CLANG_WARN_BOOL_CONVERSION = YES;
				CLANG_WARN_COMMA = YES;
				CLANG_WARN_CONSTANT_CONVERSION = YES;
				CLANG_WARN_DEPRECATED_OBJC_IMPLEMENTATIONS = YES;
				CLANG_WARN_DIRECT_OBJC_ISA_USAGE = YES_ERROR;
				CLANG_WARN_DOCUMENTATION_COMMENTS = YES;
				CLANG_WARN_EMPTY_BODY = YES;
				CLANG_WARN_ENUM_CONVERSION = YES;
				CLANG_WARN_INFINITE_RECURSION = YES;
				CLANG_WARN_INT_CONVERSION = YES;
				CLANG_WARN_NON_LITERAL_NULL_CONVERSION = YES;
				CLANG_WARN_OBJC_IMPLICIT_RETAIN_SELF = YES;
				CLANG_WARN_OBJC_LITERAL_CONVERSION = YES;
				CLANG_WARN_OBJC_ROOT_CLASS = YES_ERROR;
				CLANG_WARN_QUOTED_INCLUDE_IN_FRAMEWORK_HEADER = YES;
				CLANG_WARN_RANGE_LOOP_ANALYSIS = YES;
				CLANG_WARN_STRICT_PROTOTYPES = YES;
				CLANG_WARN_SUSPICIOUS_MOVE = YES;
				CLANG_WARN_UNGUARDED_AVAILABILITY = YES_AGGRESSIVE;
				CLANG_WARN_UNREACHABLE_CODE = YES;
				CLANG_WARN__DUPLICATE_METHOD_MATCH = YES;
				COPY_PHASE_STRIP = NO;
				DEBUG_INFORMATION_FORMAT = "dwarf-with-dsym";
				ENABLE_NS_ASSERTIONS = NO;
				ENABLE_STRICT_OBJC_MSGSEND = YES;
				GCC_C_LANGUAGE_STANDARD = gnu11;
				GCC_NO_COMMON_BLOCKS = YES;
				GCC_WARN_64_TO_32_BIT_CONVERSION = YES;
				GCC_WARN_ABOUT_RETURN_TYPE = YES_ERROR;
				GCC_WARN_UNDECLARED_SELECTOR = YES;
				GCC_WARN_UNINITIALIZED_AUTOS = YES_AGGRESSIVE;
				GCC_WARN_UNUSED_FUNCTION = YES;
				GCC_WARN_UNUSED_VARIABLE = YES;
				IPHONEOS_DEPLOYMENT_TARGET = 15.0;
				MTL_ENABLE_DEBUG_INFO = NO;
				MTL_FAST_MATH = YES;
				SDKROOT = iphoneos;
				SWIFT_COMPILATION_MODE = wholemodule;
				SWIFT_OPTIMIZATION_LEVEL = "-O";
				VALIDATE_PRODUCT = YES;
			};
			name = Release;
		};
		6B964CFE2733C107009C1CD0 /* Debug */ = {
			isa = XCBuildConfiguration;
			buildSettings = {
				ASSETCATALOG_COMPILER_APPICON_NAME = AppIcon;
				ASSETCATALOG_COMPILER_GLOBAL_ACCENT_COLOR_NAME = AccentColor;
				CODE_SIGN_STYLE = Automatic;
				CURRENT_PROJECT_VERSION = 1;
				DEVELOPMENT_TEAM = TB9WF4459Q;
				GENERATE_INFOPLIST_FILE = YES;
				INFOPLIST_FILE = StarWarsCharacters/Info.plist;
				INFOPLIST_KEY_UIApplicationSupportsIndirectInputEvents = YES;
				INFOPLIST_KEY_UILaunchStoryboardName = LaunchScreen;
				INFOPLIST_KEY_UIMainStoryboardFile = Main;
				INFOPLIST_KEY_UIRequiresFullScreen = NO;
				INFOPLIST_KEY_UISupportedInterfaceOrientations = UIInterfaceOrientationPortrait;
				INFOPLIST_KEY_UISupportedInterfaceOrientations_iPad = "UIInterfaceOrientationPortrait UIInterfaceOrientationPortraitUpsideDown UIInterfaceOrientationLandscapeLeft UIInterfaceOrientationLandscapeRight";
				INFOPLIST_KEY_UISupportedInterfaceOrientations_iPhone = "UIInterfaceOrientationPortrait UIInterfaceOrientationLandscapeLeft UIInterfaceOrientationLandscapeRight";
				IPHONEOS_DEPLOYMENT_TARGET = 15.0;
				LD_RUNPATH_SEARCH_PATHS = (
					"$(inherited)",
					"@executable_path/Frameworks",
				);
				MARKETING_VERSION = 1.0;
				PRODUCT_BUNDLE_IDENTIFIER = com.cobugi.StarWarsCharacters;
				PRODUCT_NAME = "$(TARGET_NAME)";
				SWIFT_EMIT_LOC_STRINGS = YES;
				SWIFT_VERSION = 5.0;
				TARGETED_DEVICE_FAMILY = 1;
			};
			name = Debug;
		};
		6B964CFF2733C107009C1CD0 /* Release */ = {
			isa = XCBuildConfiguration;
			buildSettings = {
				ASSETCATALOG_COMPILER_APPICON_NAME = AppIcon;
				ASSETCATALOG_COMPILER_GLOBAL_ACCENT_COLOR_NAME = AccentColor;
				CODE_SIGN_STYLE = Automatic;
				CURRENT_PROJECT_VERSION = 1;
				DEVELOPMENT_TEAM = TB9WF4459Q;
				GENERATE_INFOPLIST_FILE = YES;
				INFOPLIST_FILE = StarWarsCharacters/Info.plist;
				INFOPLIST_KEY_UIApplicationSupportsIndirectInputEvents = YES;
				INFOPLIST_KEY_UILaunchStoryboardName = LaunchScreen;
				INFOPLIST_KEY_UIMainStoryboardFile = Main;
				INFOPLIST_KEY_UIRequiresFullScreen = NO;
				INFOPLIST_KEY_UISupportedInterfaceOrientations = UIInterfaceOrientationPortrait;
				INFOPLIST_KEY_UISupportedInterfaceOrientations_iPad = "UIInterfaceOrientationPortrait UIInterfaceOrientationPortraitUpsideDown UIInterfaceOrientationLandscapeLeft UIInterfaceOrientationLandscapeRight";
				INFOPLIST_KEY_UISupportedInterfaceOrientations_iPhone = "UIInterfaceOrientationPortrait UIInterfaceOrientationLandscapeLeft UIInterfaceOrientationLandscapeRight";
				IPHONEOS_DEPLOYMENT_TARGET = 15.0;
				LD_RUNPATH_SEARCH_PATHS = (
					"$(inherited)",
					"@executable_path/Frameworks",
				);
				MARKETING_VERSION = 1.0;
				PRODUCT_BUNDLE_IDENTIFIER = com.cobugi.StarWarsCharacters;
				PRODUCT_NAME = "$(TARGET_NAME)";
				SWIFT_EMIT_LOC_STRINGS = YES;
				SWIFT_VERSION = 5.0;
				TARGETED_DEVICE_FAMILY = 1;
			};
			name = Release;
		};
/* End XCBuildConfiguration section */

/* Begin XCConfigurationList section */
		6B964CE42733C105009C1CD0 /* Build configuration list for PBXProject "StarWarsCharacters" */ = {
			isa = XCConfigurationList;
			buildConfigurations = (
				6B964CFB2733C107009C1CD0 /* Debug */,
				6B964CFC2733C107009C1CD0 /* Release */,
			);
			defaultConfigurationIsVisible = 0;
			defaultConfigurationName = Release;
		};
		6B964CFD2733C107009C1CD0 /* Build configuration list for PBXNativeTarget "StarWarsCharacters" */ = {
			isa = XCConfigurationList;
			buildConfigurations = (
				6B964CFE2733C107009C1CD0 /* Debug */,
				6B964CFF2733C107009C1CD0 /* Release */,
			);
			defaultConfigurationIsVisible = 0;
			defaultConfigurationName = Release;
		};
/* End XCConfigurationList section */

/* Begin XCRemoteSwiftPackageReference section */
		6B964D042733DCFA009C1CD0 /* XCRemoteSwiftPackageReference "Alamofire" */ = {
			isa = XCRemoteSwiftPackageReference;
			repositoryURL = "https://github.com/Alamofire/Alamofire.git";
			requirement = {
				branch = master;
				kind = branch;
			};
		};
/* End XCRemoteSwiftPackageReference section */

/* Begin XCSwiftPackageProductDependency section */
		6B964D052733DCFA009C1CD0 /* Alamofire */ = {
			isa = XCSwiftPackageProductDependency;
			package = 6B964D042733DCFA009C1CD0 /* XCRemoteSwiftPackageReference "Alamofire" */;
			productName = Alamofire;
		};
/* End XCSwiftPackageProductDependency section */
	};
	rootObject = 6B964CE12733C105009C1CD0 /* Project object */;
}
